
Microsoft Visual Studio Solution File, Format Version 12.00
# Visual Studio Version 17
VisualStudioVersion = 17.7.34031.279
MinimumVisualStudioVersion = 10.0.40219.1
Project("{2150E333-8FDC-42A3-9474-1A3956D46DE8}") = "CORE", "CORE", "{C4CC87EC-5A7B-45DD-AA52-8423A54B8CFB}"
EndProject
Project("{2150E333-8FDC-42A3-9474-1A3956D46DE8}") = "INFRA", "INFRA", "{30588FA8-37C1-42EB-B0D3-113A77CFBD47}"
EndProject
Project("{2150E333-8FDC-42A3-9474-1A3956D46DE8}") = "PRESENTATION", "PRESENTATION", "{2CAB53DA-7AA6-48F7-A1A2-D7AD09D65DA2}"
EndProject
Project("{9A19103F-16F7-4668-BE54-9A1E7A4F7556}") = "Shopping-Coin.Application", "CORE\Shopping-Coin.Application\Shopping-Coin.Application.csproj", "{9F7D6AC7-71E1-462C-BAA0-C4CC8C88061E}"
EndProject
Project("{9A19103F-16F7-4668-BE54-9A1E7A4F7556}") = "Shopping-Coin.Dominio", "CORE\Shopping-Coin.Dominio\Shopping-Coin.Dominio.csproj", "{74A9C550-5169-4C58-997C-469F3B8971B1}"
EndProject
Project("{9A19103F-16F7-4668-BE54-9A1E7A4F7556}") = "Shopping-Coin.Infra", "INFRA\Shopping-Coin.Infra\Shopping-Coin.Infra.csproj", "{D38902FB-8000-4985-97EB-84D95F056E31}"
EndProject
Project("{9A19103F-16F7-4668-BE54-9A1E7A4F7556}") = "Shopping-Coin.Data", "INFRA\Shopping-Coin.Data\Shopping-Coin.Data.csproj", "{D40C893F-F62E-45BC-AC38-AAEE859DD5FD}"
EndProject
Project("{2150E333-8FDC-42A3-9474-1A3956D46DE8}") = "Admin", "Admin", "{21873B6F-4BDA-414F-A91A-B1E5DE0969A1}"
EndProject
Project("{2150E333-8FDC-42A3-9474-1A3956D46DE8}") = "Vitrine", "Vitrine", "{0DE56B87-9977-496B-BBA3-AB28A178AFFB}"
EndProject
Project("{9A19103F-16F7-4668-BE54-9A1E7A4F7556}") = "Shopping-Coin.Spa", "PRESENTATION\Admin\Shopping-Coin.Spa\Shopping-Coin.Spa.csproj", "{72DBA8D8-E4CF-4F58-BDBA-77A28977AA0E}"
EndProject
Project("{9A19103F-16F7-4668-BE54-9A1E7A4F7556}") = "Shopping-Coin.Ssr", "PRESENTATION\Vitrine\Shopping-Coin.Ssr\Shopping-Coin.Ssr.csproj", "{74EEB4B0-08A5-4861-882B-B5D7F58570C8}"
EndProject
Global
	GlobalSection(SolutionConfigurationPlatforms) = preSolution
		Debug|Any CPU = Debug|Any CPU
		Release|Any CPU = Release|Any CPU
	EndGlobalSection
	GlobalSection(ProjectConfigurationPlatforms) = postSolution
		{9F7D6AC7-71E1-462C-BAA0-C4CC8C88061E}.Debug|Any CPU.ActiveCfg = Debug|Any CPU
		{9F7D6AC7-71E1-462C-BAA0-C4CC8C88061E}.Debug|Any CPU.Build.0 = Debug|Any CPU
		{9F7D6AC7-71E1-462C-BAA0-C4CC8C88061E}.Release|Any CPU.ActiveCfg = Release|Any CPU
		{9F7D6AC7-71E1-462C-BAA0-C4CC8C88061E}.Release|Any CPU.Build.0 = Release|Any CPU
		{74A9C550-5169-4C58-997C-469F3B8971B1}.Debug|Any CPU.ActiveCfg = Debug|Any CPU
		{74A9C550-5169-4C58-997C-469F3B8971B1}.Debug|Any CPU.Build.0 = Debug|Any CPU
		{74A9C550-5169-4C58-997C-469F3B8971B1}.Release|Any CPU.ActiveCfg = Release|Any CPU
		{74A9C550-5169-4C58-997C-469F3B8971B1}.Release|Any CPU.Build.0 = Release|Any CPU
		{D38902FB-8000-4985-97EB-84D95F056E31}.Debug|Any CPU.ActiveCfg = Debug|Any CPU
		{D38902FB-8000-4985-97EB-84D95F056E31}.Debug|Any CPU.Build.0 = Debug|Any CPU
		{D38902FB-8000-4985-97EB-84D95F056E31}.Release|Any CPU.ActiveCfg = Release|Any CPU
		{D38902FB-8000-4985-97EB-84D95F056E31}.Release|Any CPU.Build.0 = Release|Any CPU
		{D40C893F-F62E-45BC-AC38-AAEE859DD5FD}.Debug|Any CPU.ActiveCfg = Debug|Any CPU
		{D40C893F-F62E-45BC-AC38-AAEE859DD5FD}.Debug|Any CPU.Build.0 = Debug|Any CPU
		{D40C893F-F62E-45BC-AC38-AAEE859DD5FD}.Release|Any CPU.ActiveCfg = Release|Any CPU
		{D40C893F-F62E-45BC-AC38-AAEE859DD5FD}.Release|Any CPU.Build.0 = Release|Any CPU
		{72DBA8D8-E4CF-4F58-BDBA-77A28977AA0E}.Debug|Any CPU.ActiveCfg = Debug|Any CPU
		{72DBA8D8-E4CF-4F58-BDBA-77A28977AA0E}.Debug|Any CPU.Build.0 = Debug|Any CPU
		{72DBA8D8-E4CF-4F58-BDBA-77A28977AA0E}.Release|Any CPU.ActiveCfg = Release|Any CPU
		{72DBA8D8-E4CF-4F58-BDBA-77A28977AA0E}.Release|Any CPU.Build.0 = Release|Any CPU
		{74EEB4B0-08A5-4861-882B-B5D7F58570C8}.Debug|Any CPU.ActiveCfg = Debug|Any CPU
		{74EEB4B0-08A5-4861-882B-B5D7F58570C8}.Debug|Any CPU.Build.0 = Debug|Any CPU
		{74EEB4B0-08A5-4861-882B-B5D7F58570C8}.Release|Any CPU.ActiveCfg = Release|Any CPU
		{74EEB4B0-08A5-4861-882B-B5D7F58570C8}.Release|Any CPU.Build.0 = Release|Any CPU
	EndGlobalSection
	GlobalSection(SolutionProperties) = preSolution
		HideSolutionNode = FALSE
	EndGlobalSection
	GlobalSection(NestedProjects) = preSolution
		{9F7D6AC7-71E1-462C-BAA0-C4CC8C88061E} = {C4CC87EC-5A7B-45DD-AA52-8423A54B8CFB}
		{74A9C550-5169-4C58-997C-469F3B8971B1} = {C4CC87EC-5A7B-45DD-AA52-8423A54B8CFB}
		{D38902FB-8000-4985-97EB-84D95F056E31} = {30588FA8-37C1-42EB-B0D3-113A77CFBD47}
		{D40C893F-F62E-45BC-AC38-AAEE859DD5FD} = {30588FA8-37C1-42EB-B0D3-113A77CFBD47}
		{21873B6F-4BDA-414F-A91A-B1E5DE0969A1} = {2CAB53DA-7AA6-48F7-A1A2-D7AD09D65DA2}
		{0DE56B87-9977-496B-BBA3-AB28A178AFFB} = {2CAB53DA-7AA6-48F7-A1A2-D7AD09D65DA2}
		{72DBA8D8-E4CF-4F58-BDBA-77A28977AA0E} = {21873B6F-4BDA-414F-A91A-B1E5DE0969A1}
		{74EEB4B0-08A5-4861-882B-B5D7F58570C8} = {0DE56B87-9977-496B-BBA3-AB28A178AFFB}
	EndGlobalSection
	GlobalSection(ExtensibilityGlobals) = postSolution
		SolutionGuid = {3BD57A8F-4145-447F-90E7-9E581EDDB13E}
	EndGlobalSection
EndGlobal
